
Microsoft Visual Studio Solution File, Format Version 12.00
# Visual Studio Version 17
VisualStudioVersion = 17.7.34031.279
MinimumVisualStudioVersion = 10.0.40219.1
Project("{FAE04EC0-301F-11D3-BF4B-00C04F79EFBC}") = "Packing Inventory", "Packing Inventory\Packing Inventory.csproj", "{E610092A-C313-4B61-91CD-04C3C89BF9D6}"
EndProject
Global
	GlobalSection(SolutionConfigurationPlatforms) = preSolution
		Debug|Any CPU = Debug|Any CPU
		Release|Any CPU = Release|Any CPU
	EndGlobalSection
	GlobalSection(ProjectConfigurationPlatforms) = postSolution
		{E610092A-C313-4B61-91CD-04C3C89BF9D6}.Debug|Any CPU.ActiveCfg = Debug|Any CPU
		{E610092A-C313-4B61-91CD-04C3C89BF9D6}.Debug|Any CPU.Build.0 = Debug|Any CPU
		{E610092A-C313-4B61-91CD-04C3C89BF9D6}.Release|Any CPU.ActiveCfg = Release|Any CPU
		{E610092A-C313-4B61-91CD-04C3C89BF9D6}.Release|Any CPU.Build.0 = Release|Any CPU
	EndGlobalSection
	GlobalSection(SolutionProperties) = preSolution
		HideSolutionNode = FALSE
	EndGlobalSection
	GlobalSection(ExtensibilityGlobals) = postSolution
		SolutionGuid = {2152F1DE-180D-40E3-8FB0-2A018C120B2D}
	EndGlobalSection
EndGlobal
