
Microsoft Visual Studio Solution File, Format Version 12.00
# Visual Studio Version 17
VisualStudioVersion = 17.7.34031.279
MinimumVisualStudioVersion = 10.0.40219.1
Project("{FAE04EC0-301F-11D3-BF4B-00C04F79EFBC}") = "The Three Lenses", "The Three Lenses\The Three Lenses.csproj", "{E26AD570-2E91-46E1-BEB9-7B1E77828D09}"
EndProject
Global
	GlobalSection(SolutionConfigurationPlatforms) = preSolution
		Debug|Any CPU = Debug|Any CPU
		Release|Any CPU = Release|Any CPU
	EndGlobalSection
	GlobalSection(ProjectConfigurationPlatforms) = postSolution
		{E26AD570-2E91-46E1-BEB9-7B1E77828D09}.Debug|Any CPU.ActiveCfg = Debug|Any CPU
		{E26AD570-2E91-46E1-BEB9-7B1E77828D09}.Debug|Any CPU.Build.0 = Debug|Any CPU
		{E26AD570-2E91-46E1-BEB9-7B1E77828D09}.Release|Any CPU.ActiveCfg = Release|Any CPU
		{E26AD570-2E91-46E1-BEB9-7B1E77828D09}.Release|Any CPU.Build.0 = Release|Any CPU
	EndGlobalSection
	GlobalSection(SolutionProperties) = preSolution
		HideSolutionNode = FALSE
	EndGlobalSection
	GlobalSection(ExtensibilityGlobals) = postSolution
		SolutionGuid = {0F6C282E-3409-4313-AED9-4CC4E9652D8E}
	EndGlobalSection
EndGlobal
