
Microsoft Visual Studio Solution File, Format Version 12.00
# Visual Studio Version 17
VisualStudioVersion = 17.7.34031.279
MinimumVisualStudioVersion = 10.0.40219.1
Project("{FAE04EC0-301F-11D3-BF4B-00C04F79EFBC}") = "The Replicator of D’To", "The Replicator of D’To\The Replicator of D’To.csproj", "{F17331B0-4622-46FE-A0BB-2D82E9F82971}"
EndProject
Global
	GlobalSection(SolutionConfigurationPlatforms) = preSolution
		Debug|Any CPU = Debug|Any CPU
		Release|Any CPU = Release|Any CPU
	EndGlobalSection
	GlobalSection(ProjectConfigurationPlatforms) = postSolution
		{F17331B0-4622-46FE-A0BB-2D82E9F82971}.Debug|Any CPU.ActiveCfg = Debug|Any CPU
		{F17331B0-4622-46FE-A0BB-2D82E9F82971}.Debug|Any CPU.Build.0 = Debug|Any CPU
		{F17331B0-4622-46FE-A0BB-2D82E9F82971}.Release|Any CPU.ActiveCfg = Release|Any CPU
		{F17331B0-4622-46FE-A0BB-2D82E9F82971}.Release|Any CPU.Build.0 = Release|Any CPU
	EndGlobalSection
	GlobalSection(SolutionProperties) = preSolution
		HideSolutionNode = FALSE
	EndGlobalSection
	GlobalSection(ExtensibilityGlobals) = postSolution
		SolutionGuid = {EBB2B8DC-9C8D-4DD6-AC36-3C09672301D6}
	EndGlobalSection
EndGlobal
